
Microsoft Visual Studio Solution File, Format Version 12.00
# Visual Studio Version 16
VisualStudioVersion = 16.0.29728.190
MinimumVisualStudioVersion = 10.0.40219.1
Project("{9A19103F-16F7-4668-BE54-9A1E7A4F7556}") = "WebAppCoreDDD", "TreinamentoDDD\WebAppCoreDDD.csproj", "{D79254A5-BB8A-44C2-AC6E-E3F5AA2CD623}"
EndProject
Project("{2150E333-8FDC-42A3-9474-1A3956D46DE8}") = "1 - Presentation", "1 - Presentation", "{FAB757CE-776A-4EDB-819E-4D22CC61E708}"
EndProject
Project("{2150E333-8FDC-42A3-9474-1A3956D46DE8}") = "2 - Application", "2 - Application", "{D6415AB3-D66C-4047-BA5B-B737E697D157}"
EndProject
Project("{2150E333-8FDC-42A3-9474-1A3956D46DE8}") = "3 - Domain", "3 - Domain", "{0C4A81B2-4C10-4011-A1F8-E01B59414E7A}"
EndProject
Project("{2150E333-8FDC-42A3-9474-1A3956D46DE8}") = "4 - Infra", "4 - Infra", "{F99F598D-205C-46D0-B04D-6FE8101F4C2C}"
EndProject
Project("{2150E333-8FDC-42A3-9474-1A3956D46DE8}") = "4.1 Data", "4.1 Data", "{704A2612-C241-4A30-AAA4-D1EDA795E7FB}"
EndProject
Project("{2150E333-8FDC-42A3-9474-1A3956D46DE8}") = "4.2 CrossCutting", "4.2 CrossCutting", "{0BF7DBFB-9F5F-4436-B821-0617ED5707E0}"
EndProject
Project("{9A19103F-16F7-4668-BE54-9A1E7A4F7556}") = "DDDCore.Infra.Data", "DDDCore.Infra.Data\DDDCore.Infra.Data.csproj", "{4F28215C-A5BE-4B28-BB42-A1D0B3571301}"
EndProject
Project("{9A19103F-16F7-4668-BE54-9A1E7A4F7556}") = "DDDCore.Domain", "DDDCore.Domain\DDDCore.Domain.csproj", "{4CD4047A-F610-422E-8ED3-7A1C7AA59920}"
EndProject
Project("{FAE04EC0-301F-11D3-BF4B-00C04F79EFBC}") = "DDDCore.Application", "DDDCore.Application\DDDCore.Application.csproj", "{50218A88-ECD1-4BC9-AD13-1C156800C794}"
EndProject
Global
	GlobalSection(SolutionConfigurationPlatforms) = preSolution
		Debug|Any CPU = Debug|Any CPU
		Release|Any CPU = Release|Any CPU
	EndGlobalSection
	GlobalSection(ProjectConfigurationPlatforms) = postSolution
		{D79254A5-BB8A-44C2-AC6E-E3F5AA2CD623}.Debug|Any CPU.ActiveCfg = Debug|Any CPU
		{D79254A5-BB8A-44C2-AC6E-E3F5AA2CD623}.Debug|Any CPU.Build.0 = Debug|Any CPU
		{D79254A5-BB8A-44C2-AC6E-E3F5AA2CD623}.Release|Any CPU.ActiveCfg = Release|Any CPU
		{D79254A5-BB8A-44C2-AC6E-E3F5AA2CD623}.Release|Any CPU.Build.0 = Release|Any CPU
		{4F28215C-A5BE-4B28-BB42-A1D0B3571301}.Debug|Any CPU.ActiveCfg = Debug|Any CPU
		{4F28215C-A5BE-4B28-BB42-A1D0B3571301}.Debug|Any CPU.Build.0 = Debug|Any CPU
		{4F28215C-A5BE-4B28-BB42-A1D0B3571301}.Release|Any CPU.ActiveCfg = Release|Any CPU
		{4F28215C-A5BE-4B28-BB42-A1D0B3571301}.Release|Any CPU.Build.0 = Release|Any CPU
		{4CD4047A-F610-422E-8ED3-7A1C7AA59920}.Debug|Any CPU.ActiveCfg = Debug|Any CPU
		{4CD4047A-F610-422E-8ED3-7A1C7AA59920}.Debug|Any CPU.Build.0 = Debug|Any CPU
		{4CD4047A-F610-422E-8ED3-7A1C7AA59920}.Release|Any CPU.ActiveCfg = Release|Any CPU
		{4CD4047A-F610-422E-8ED3-7A1C7AA59920}.Release|Any CPU.Build.0 = Release|Any CPU
		{50218A88-ECD1-4BC9-AD13-1C156800C794}.Debug|Any CPU.ActiveCfg = Debug|Any CPU
		{50218A88-ECD1-4BC9-AD13-1C156800C794}.Debug|Any CPU.Build.0 = Debug|Any CPU
		{50218A88-ECD1-4BC9-AD13-1C156800C794}.Release|Any CPU.ActiveCfg = Release|Any CPU
		{50218A88-ECD1-4BC9-AD13-1C156800C794}.Release|Any CPU.Build.0 = Release|Any CPU
	EndGlobalSection
	GlobalSection(SolutionProperties) = preSolution
		HideSolutionNode = FALSE
	EndGlobalSection
	GlobalSection(NestedProjects) = preSolution
		{D79254A5-BB8A-44C2-AC6E-E3F5AA2CD623} = {FAB757CE-776A-4EDB-819E-4D22CC61E708}
		{704A2612-C241-4A30-AAA4-D1EDA795E7FB} = {F99F598D-205C-46D0-B04D-6FE8101F4C2C}
		{0BF7DBFB-9F5F-4436-B821-0617ED5707E0} = {F99F598D-205C-46D0-B04D-6FE8101F4C2C}
		{4F28215C-A5BE-4B28-BB42-A1D0B3571301} = {704A2612-C241-4A30-AAA4-D1EDA795E7FB}
		{4CD4047A-F610-422E-8ED3-7A1C7AA59920} = {0C4A81B2-4C10-4011-A1F8-E01B59414E7A}
		{50218A88-ECD1-4BC9-AD13-1C156800C794} = {D6415AB3-D66C-4047-BA5B-B737E697D157}
	EndGlobalSection
	GlobalSection(ExtensibilityGlobals) = postSolution
		SolutionGuid = {0ECF940F-F39C-4613-83A7-F11CCB3C8C40}
	EndGlobalSection
EndGlobal
